{"filter":false,"title":"Gemfile.lock","tooltip":"/reservation_test/Gemfile.lock","undoManager":{"mark":-1,"position":-1,"stack":[]},"ace":{"folds":[],"scrolltop":0,"scrollleft":0,"selection":{"start":{"row":0,"column":0},"end":{"row":0,"column":0},"isBackwards":false},"options":{"guessTabSize":true,"useWrapMode":false,"wrapToView":true},"firstLineState":0},"timestamp":1543457744294,"hash":"861b6de42a73af1995628be2a63891b21ac396c9"}